
Microsoft Visual Studio Solution File, Format Version 12.00
# Visual Studio Version 16
VisualStudioVersion = 16.0.31205.134
MinimumVisualStudioVersion = 10.0.40219.1
Project("{FAE04EC0-301F-11D3-BF4B-00C04F79EFBC}") = "SocialMedia.api", "SocialMedia.api\SocialMedia.api.csproj", "{1CA45BBD-73D0-4DAA-984A-8079FBE6B6DB}"
EndProject
Project("{FAE04EC0-301F-11D3-BF4B-00C04F79EFBC}") = "SocialMedia.core", "SocialMedia.core\SocialMedia.core.csproj", "{4ED2C5E9-E893-4364-BAEB-81CFEFE1AA87}"
EndProject
Project("{FAE04EC0-301F-11D3-BF4B-00C04F79EFBC}") = "SocialMedia.Infrastructure", "SocialMedia.infrastructure\SocialMedia.Infrastructure.csproj", "{56DB629A-9C32-46C7-B00B-A06DEAB041B4}"
EndProject
Global
	GlobalSection(SolutionConfigurationPlatforms) = preSolution
		Debug|Any CPU = Debug|Any CPU
		Release|Any CPU = Release|Any CPU
	EndGlobalSection
	GlobalSection(ProjectConfigurationPlatforms) = postSolution
		{1CA45BBD-73D0-4DAA-984A-8079FBE6B6DB}.Debug|Any CPU.ActiveCfg = Debug|Any CPU
		{1CA45BBD-73D0-4DAA-984A-8079FBE6B6DB}.Debug|Any CPU.Build.0 = Debug|Any CPU
		{1CA45BBD-73D0-4DAA-984A-8079FBE6B6DB}.Release|Any CPU.ActiveCfg = Release|Any CPU
		{1CA45BBD-73D0-4DAA-984A-8079FBE6B6DB}.Release|Any CPU.Build.0 = Release|Any CPU
		{4ED2C5E9-E893-4364-BAEB-81CFEFE1AA87}.Debug|Any CPU.ActiveCfg = Debug|Any CPU
		{4ED2C5E9-E893-4364-BAEB-81CFEFE1AA87}.Debug|Any CPU.Build.0 = Debug|Any CPU
		{4ED2C5E9-E893-4364-BAEB-81CFEFE1AA87}.Release|Any CPU.ActiveCfg = Release|Any CPU
		{4ED2C5E9-E893-4364-BAEB-81CFEFE1AA87}.Release|Any CPU.Build.0 = Release|Any CPU
		{56DB629A-9C32-46C7-B00B-A06DEAB041B4}.Debug|Any CPU.ActiveCfg = Debug|Any CPU
		{56DB629A-9C32-46C7-B00B-A06DEAB041B4}.Debug|Any CPU.Build.0 = Debug|Any CPU
		{56DB629A-9C32-46C7-B00B-A06DEAB041B4}.Release|Any CPU.ActiveCfg = Release|Any CPU
		{56DB629A-9C32-46C7-B00B-A06DEAB041B4}.Release|Any CPU.Build.0 = Release|Any CPU
	EndGlobalSection
	GlobalSection(SolutionProperties) = preSolution
		HideSolutionNode = FALSE
	EndGlobalSection
	GlobalSection(ExtensibilityGlobals) = postSolution
		SolutionGuid = {3C763AF2-2042-4846-A821-699B86E4AC0F}
	EndGlobalSection
EndGlobal
